
Microsoft Visual Studio Solution File, Format Version 12.00
# Visual Studio Version 17
VisualStudioVersion = 17.3.32929.385
MinimumVisualStudioVersion = 10.0.40219.1
Project("{FAE04EC0-301F-11D3-BF4B-00C04F79EFBC}") = "HomeWork12-OTUS", "HomeWork12-OTUS\HomeWork12-OTUS.csproj", "{61ED6D3C-CCA0-4C30-B6E2-C9B732710A20}"
EndProject
Global
	GlobalSection(SolutionConfigurationPlatforms) = preSolution
		Debug|Any CPU = Debug|Any CPU
		Release|Any CPU = Release|Any CPU
	EndGlobalSection
	GlobalSection(ProjectConfigurationPlatforms) = postSolution
		{61ED6D3C-CCA0-4C30-B6E2-C9B732710A20}.Debug|Any CPU.ActiveCfg = Debug|Any CPU
		{61ED6D3C-CCA0-4C30-B6E2-C9B732710A20}.Debug|Any CPU.Build.0 = Debug|Any CPU
		{61ED6D3C-CCA0-4C30-B6E2-C9B732710A20}.Release|Any CPU.ActiveCfg = Release|Any CPU
		{61ED6D3C-CCA0-4C30-B6E2-C9B732710A20}.Release|Any CPU.Build.0 = Release|Any CPU
	EndGlobalSection
	GlobalSection(SolutionProperties) = preSolution
		HideSolutionNode = FALSE
	EndGlobalSection
	GlobalSection(ExtensibilityGlobals) = postSolution
		SolutionGuid = {0DB545AE-B217-4D5B-AF53-D63119ECFBC1}
	EndGlobalSection
EndGlobal
